
Microsoft Visual Studio Solution File, Format Version 12.00
# Visual Studio Version 17
VisualStudioVersion = 17.0.31903.59
MinimumVisualStudioVersion = 10.0.40219.1
Project("{2150E333-8FDC-42A3-9474-1A3956D46DE8}") = "src", "src", "{827E0CD3-B72D-47B6-A68D-7590B98EB39B}"
EndProject
Project("{FAE04EC0-301F-11D3-BF4B-00C04F79EFBC}") = "TaskTracker.Domain", "src\TaskTracker.Domain\TaskTracker.Domain.csproj", "{95D96C6C-FDC6-4BA6-9228-7AE841D2B722}"
EndProject
Project("{FAE04EC0-301F-11D3-BF4B-00C04F79EFBC}") = "TaskTracker.Application", "src\TaskTracker.Application\TaskTracker.Application.csproj", "{FA5654D3-8DF0-463B-8E90-127C477A098A}"
EndProject
Project("{FAE04EC0-301F-11D3-BF4B-00C04F79EFBC}") = "TaskTracker.Api", "src\TaskTracker.Api\TaskTracker.Api.csproj", "{605824F0-7E2D-48F5-AC2C-51ED88793294}"
EndProject
Project("{FAE04EC0-301F-11D3-BF4B-00C04F79EFBC}") = "TaskTracker.Tests", "tests\TaskTracker.Tests\TaskTracker.Tests.csproj", "{7510E0E9-3691-45EE-8D42-D3C2D01B9039}"
EndProject
Global
	GlobalSection(SolutionConfigurationPlatforms) = preSolution
		Debug|Any CPU = Debug|Any CPU
		Debug|x64 = Debug|x64
		Debug|x86 = Debug|x86
		Release|Any CPU = Release|Any CPU
		Release|x64 = Release|x64
		Release|x86 = Release|x86
	EndGlobalSection
	GlobalSection(ProjectConfigurationPlatforms) = postSolution
		{95D96C6C-FDC6-4BA6-9228-7AE841D2B722}.Debug|Any CPU.ActiveCfg = Debug|Any CPU
		{95D96C6C-FDC6-4BA6-9228-7AE841D2B722}.Debug|Any CPU.Build.0 = Debug|Any CPU
		{95D96C6C-FDC6-4BA6-9228-7AE841D2B722}.Debug|x64.ActiveCfg = Debug|Any CPU
		{95D96C6C-FDC6-4BA6-9228-7AE841D2B722}.Debug|x64.Build.0 = Debug|Any CPU
		{95D96C6C-FDC6-4BA6-9228-7AE841D2B722}.Debug|x86.ActiveCfg = Debug|Any CPU
		{95D96C6C-FDC6-4BA6-9228-7AE841D2B722}.Debug|x86.Build.0 = Debug|Any CPU
		{95D96C6C-FDC6-4BA6-9228-7AE841D2B722}.Release|Any CPU.ActiveCfg = Release|Any CPU
		{95D96C6C-FDC6-4BA6-9228-7AE841D2B722}.Release|Any CPU.Build.0 = Release|Any CPU
		{95D96C6C-FDC6-4BA6-9228-7AE841D2B722}.Release|x64.ActiveCfg = Release|Any CPU
		{95D96C6C-FDC6-4BA6-9228-7AE841D2B722}.Release|x64.Build.0 = Release|Any CPU
		{95D96C6C-FDC6-4BA6-9228-7AE841D2B722}.Release|x86.ActiveCfg = Release|Any CPU
		{95D96C6C-FDC6-4BA6-9228-7AE841D2B722}.Release|x86.Build.0 = Release|Any CPU
		{FA5654D3-8DF0-463B-8E90-127C477A098A}.Debug|Any CPU.ActiveCfg = Debug|Any CPU
		{FA5654D3-8DF0-463B-8E90-127C477A098A}.Debug|Any CPU.Build.0 = Debug|Any CPU
		{FA5654D3-8DF0-463B-8E90-127C477A098A}.Debug|x64.ActiveCfg = Debug|Any CPU
		{FA5654D3-8DF0-463B-8E90-127C477A098A}.Debug|x64.Build.0 = Debug|Any CPU
		{FA5654D3-8DF0-463B-8E90-127C477A098A}.Debug|x86.ActiveCfg = Debug|Any CPU
		{FA5654D3-8DF0-463B-8E90-127C477A098A}.Debug|x86.Build.0 = Debug|Any CPU
		{FA5654D3-8DF0-463B-8E90-127C477A098A}.Release|Any CPU.ActiveCfg = Release|Any CPU
		{FA5654D3-8DF0-463B-8E90-127C477A098A}.Release|Any CPU.Build.0 = Release|Any CPU
		{FA5654D3-8DF0-463B-8E90-127C477A098A}.Release|x64.ActiveCfg = Release|Any CPU
		{FA5654D3-8DF0-463B-8E90-127C477A098A}.Release|x64.Build.0 = Release|Any CPU
		{FA5654D3-8DF0-463B-8E90-127C477A098A}.Release|x86.ActiveCfg = Release|Any CPU
		{FA5654D3-8DF0-463B-8E90-127C477A098A}.Release|x86.Build.0 = Release|Any CPU
		{605824F0-7E2D-48F5-AC2C-51ED88793294}.Debug|Any CPU.ActiveCfg = Debug|Any CPU
		{605824F0-7E2D-48F5-AC2C-51ED88793294}.Debug|Any CPU.Build.0 = Debug|Any CPU
		{605824F0-7E2D-48F5-AC2C-51ED88793294}.Debug|x64.ActiveCfg = Debug|Any CPU
		{605824F0-7E2D-48F5-AC2C-51ED88793294}.Debug|x64.Build.0 = Debug|Any CPU
		{605824F0-7E2D-48F5-AC2C-51ED88793294}.Debug|x86.ActiveCfg = Debug|Any CPU
		{605824F0-7E2D-48F5-AC2C-51ED88793294}.Debug|x86.Build.0 = Debug|Any CPU
		{605824F0-7E2D-48F5-AC2C-51ED88793294}.Release|Any CPU.ActiveCfg = Release|Any CPU
		{605824F0-7E2D-48F5-AC2C-51ED88793294}.Release|Any CPU.Build.0 = Release|Any CPU
		{605824F0-7E2D-48F5-AC2C-51ED88793294}.Release|x64.ActiveCfg = Release|Any CPU
		{605824F0-7E2D-48F5-AC2C-51ED88793294}.Release|x64.Build.0 = Release|Any CPU
		{605824F0-7E2D-48F5-AC2C-51ED88793294}.Release|x86.ActiveCfg = Release|Any CPU
		{605824F0-7E2D-48F5-AC2C-51ED88793294}.Release|x86.Build.0 = Release|Any CPU
		{7510E0E9-3691-45EE-8D42-D3C2D01B9039}.Debug|Any CPU.ActiveCfg = Debug|Any CPU
		{7510E0E9-3691-45EE-8D42-D3C2D01B9039}.Debug|Any CPU.Build.0 = Debug|Any CPU
		{7510E0E9-3691-45EE-8D42-D3C2D01B9039}.Debug|x64.ActiveCfg = Debug|Any CPU
		{7510E0E9-3691-45EE-8D42-D3C2D01B9039}.Debug|x64.Build.0 = Debug|Any CPU
		{7510E0E9-3691-45EE-8D42-D3C2D01B9039}.Debug|x86.ActiveCfg = Debug|Any CPU
		{7510E0E9-3691-45EE-8D42-D3C2D01B9039}.Debug|x86.Build.0 = Debug|Any CPU
		{7510E0E9-3691-45EE-8D42-D3C2D01B9039}.Release|Any CPU.ActiveCfg = Release|Any CPU
		{7510E0E9-3691-45EE-8D42-D3C2D01B9039}.Release|Any CPU.Build.0 = Release|Any CPU
		{7510E0E9-3691-45EE-8D42-D3C2D01B9039}.Release|x64.ActiveCfg = Release|Any CPU
		{7510E0E9-3691-45EE-8D42-D3C2D01B9039}.Release|x64.Build.0 = Release|Any CPU
		{7510E0E9-3691-45EE-8D42-D3C2D01B9039}.Release|x86.ActiveCfg = Release|Any CPU
		{7510E0E9-3691-45EE-8D42-D3C2D01B9039}.Release|x86.Build.0 = Release|Any CPU
	EndGlobalSection
	GlobalSection(SolutionProperties) = preSolution
		HideSolutionNode = FALSE
	EndGlobalSection
	GlobalSection(NestedProjects) = preSolution
		{95D96C6C-FDC6-4BA6-9228-7AE841D2B722} = {827E0CD3-B72D-47B6-A68D-7590B98EB39B}
		{FA5654D3-8DF0-463B-8E90-127C477A098A} = {827E0CD3-B72D-47B6-A68D-7590B98EB39B}
		{605824F0-7E2D-48F5-AC2C-51ED88793294} = {827E0CD3-B72D-47B6-A68D-7590B98EB39B}
		{7510E0E9-3691-45EE-8D42-D3C2D01B9039} = {827E0CD3-B72D-47B6-A68D-7590B98EB39B}
	EndGlobalSection
EndGlobal
